// !$*UTF8*$!
{
	archiveVersion = 1;
	classes = {
	};
	objectVersion = 56;
	objects = {

/* Begin PBXBuildFile section */
		1A000001294A1234001ABCDE /* OTeePeeApp.swift in Sources */ = {isa = PBXBuildFile; fileRef = 1A000000294A1234001ABCDE /* OTeePeeApp.swift */; };
		1A000003294A1234001ABCDE /* ContentView.swift in Sources */ = {isa = PBXBuildFile; fileRef = 1A000002294A1234001ABCDE /* ContentView.swift */; };
		1A000005294A1234001ABCDE /* Assets.xcassets in Resources */ = {isa = PBXBuildFile; fileRef = 1A000004294A1234001ABCDE /* Assets.xcassets */; };
		1A000008294A1234001ABCDE /* Preview Assets.xcassets in Resources */ = {isa = PBXBuildFile; fileRef = 1A000007294A1234001ABCDE /* Preview Assets.xcassets */; };
		1A000010294A1235001ABCDE /* MessageMonitor.swift in Sources */ = {isa = PBXBuildFile; fileRef = 1A00000F294A1235001ABCDE /* MessageMonitor.swift */; };
		1A000012294A1235001ABCDE /* OTPParser.swift in Sources */ = {isa = PBXBuildFile; fileRef = 1A000011294A1235001ABCDE /* OTPParser.swift */; };
		1A000014294A1235001ABCDE /* ClipboardManager.swift in Sources */ = {isa = PBXBuildFile; fileRef = 1A000013294A1235001ABCDE /* ClipboardManager.swift */; };
		1A000016294A1235001ABCDE /* NotificationManager.swift in Sources */ = {isa = PBXBuildFile; fileRef = 1A000015294A1235001ABCDE /* NotificationManager.swift */; };
		1A000018294A1235001ABCDE /* MenuBarView.swift in Sources */ = {isa = PBXBuildFile; fileRef = 1A000017294A1235001ABCDE /* MenuBarView.swift */; };
		1A00001A294A1235001ABCDE /* PermissionsView.swift in Sources */ = {isa = PBXBuildFile; fileRef = 1A000019294A1235001ABCDE /* PermissionsView.swift */; };
		1A00001C294A1235001ABCDE /* FilePermissions.swift in Sources */ = {isa = PBXBuildFile; fileRef = 1A00001B294A1235001ABCDE /* FilePermissions.swift */; };
		1A00001E294A1235001ABCDE /* Extensions.swift in Sources */ = {isa = PBXBuildFile; fileRef = 1A00001D294A1235001ABCDE /* Extensions.swift */; };
		1A000020294A1235001ABCDE /* AppDelegate.swift in Sources */ = {isa = PBXBuildFile; fileRef = 1A00001F294A1235001ABCDE /* AppDelegate.swift */; };
		1A000022294A1235001ABCDE /* WindowManager.swift in Sources */ = {isa = PBXBuildFile; fileRef = 1A000021294A1235001ABCDE /* WindowManager.swift */; };
		1A000040294A1235001ABCDE /* OnboardingView.swift in Sources */ = {isa = PBXBuildFile; fileRef = 1A000041294A1235001ABCDE /* OnboardingView.swift */; };
		1A000030294A1236001ABCDE /* OTeePeeTests.swift in Sources */ = {isa = PBXBuildFile; fileRef = 1A00002F294A1236001ABCDE /* OTeePeeTests.swift */; };
/* End PBXBuildFile section */

/* Begin PBXContainerItemProxy section */
		1A00002C294A1236001ABCDE /* PBXContainerItemProxy */ = {
			isa = PBXContainerItemProxy;
			containerPortal = 1AFFFF95294A1234001ABCDE /* Project object */;
			proxyType = 1;
			remoteGlobalIDString = 1AFFFF9C294A1234001ABCDE;
			remoteInfo = OTeePee;
		};
/* End PBXContainerItemProxy section */

/* Begin PBXFileReference section */
		1AFFFF9D294A1234001ABCDE /* OTeePee.app */ = {isa = PBXFileReference; explicitFileType = wrapper.application; includeInIndex = 0; path = OTeePee.app; sourceTree = BUILT_PRODUCTS_DIR; };
		1A000000294A1234001ABCDE /* OTeePeeApp.swift */ = {isa = PBXFileReference; lastKnownFileType = sourcecode.swift; path = OTeePeeApp.swift; sourceTree = "<group>"; };
		1A000002294A1234001ABCDE /* ContentView.swift */ = {isa = PBXFileReference; lastKnownFileType = sourcecode.swift; path = ContentView.swift; sourceTree = "<group>"; };
		1A000004294A1234001ABCDE /* Assets.xcassets */ = {isa = PBXFileReference; lastKnownFileType = folder.assetcatalog; path = Assets.xcassets; sourceTree = "<group>"; };
		1A000007294A1234001ABCDE /* Preview Assets.xcassets */ = {isa = PBXFileReference; lastKnownFileType = folder.assetcatalog; path = "Preview Assets.xcassets"; sourceTree = "<group>"; };
		1A000009294A1234001ABCDE /* OTeePee.entitlements */ = {isa = PBXFileReference; lastKnownFileType = text.plist.entitlements; path = OTeePee.entitlements; sourceTree = "<group>"; };
		1A00000F294A1235001ABCDE /* MessageMonitor.swift */ = {isa = PBXFileReference; lastKnownFileType = sourcecode.swift; path = MessageMonitor.swift; sourceTree = "<group>"; };
		1A000011294A1235001ABCDE /* OTPParser.swift */ = {isa = PBXFileReference; lastKnownFileType = sourcecode.swift; path = OTPParser.swift; sourceTree = "<group>"; };
		1A000013294A1235001ABCDE /* ClipboardManager.swift */ = {isa = PBXFileReference; lastKnownFileType = sourcecode.swift; path = ClipboardManager.swift; sourceTree = "<group>"; };
		1A000015294A1235001ABCDE /* NotificationManager.swift */ = {isa = PBXFileReference; lastKnownFileType = sourcecode.swift; path = NotificationManager.swift; sourceTree = "<group>"; };
		1A000017294A1235001ABCDE /* MenuBarView.swift */ = {isa = PBXFileReference; lastKnownFileType = sourcecode.swift; path = MenuBarView.swift; sourceTree = "<group>"; };
		1A000019294A1235001ABCDE /* PermissionsView.swift */ = {isa = PBXFileReference; lastKnownFileType = sourcecode.swift; path = PermissionsView.swift; sourceTree = "<group>"; };
		1A00001B294A1235001ABCDE /* FilePermissions.swift */ = {isa = PBXFileReference; lastKnownFileType = sourcecode.swift; path = FilePermissions.swift; sourceTree = "<group>"; };
		1A00001D294A1235001ABCDE /* Extensions.swift */ = {isa = PBXFileReference; lastKnownFileType = sourcecode.swift; path = Extensions.swift; sourceTree = "<group>"; };
		1A00001F294A1235001ABCDE /* AppDelegate.swift */ = {isa = PBXFileReference; lastKnownFileType = sourcecode.swift; path = AppDelegate.swift; sourceTree = "<group>"; };
		1A000021294A1235001ABCDE /* WindowManager.swift */ = {isa = PBXFileReference; lastKnownFileType = sourcecode.swift; path = WindowManager.swift; sourceTree = "<group>"; };
		1A000041294A1235001ABCDE /* OnboardingView.swift */ = {isa = PBXFileReference; lastKnownFileType = sourcecode.swift; path = OnboardingView.swift; sourceTree = "<group>"; };
		1A000042294A1235001ABCDE /* Info.plist */ = {isa = PBXFileReference; lastKnownFileType = text.plist.xml; path = Info.plist; sourceTree = "<group>"; };
		1A00002B294A1236001ABCDE /* OTeePeeTests.xctest */ = {isa = PBXFileReference; explicitFileType = wrapper.cfbundle; includeInIndex = 0; path = OTeePeeTests.xctest; sourceTree = BUILT_PRODUCTS_DIR; };
		1A00002F294A1236001ABCDE /* OTeePeeTests.swift */ = {isa = PBXFileReference; lastKnownFileType = sourcecode.swift; path = OTeePeeTests.swift; sourceTree = "<group>"; };
/* End PBXFileReference section */

/* Begin PBXFrameworksBuildPhase section */
		1AFFFF9A294A1234001ABCDE /* Frameworks */ = {
			isa = PBXFrameworksBuildPhase;
			buildActionMask = 2147483647;
			files = (
			);
			runOnlyForDeploymentPostprocessing = 0;
		};
		1A000028294A1236001ABCDE /* Frameworks */ = {
			isa = PBXFrameworksBuildPhase;
			buildActionMask = 2147483647;
			files = (
			);
			runOnlyForDeploymentPostprocessing = 0;
		};
/* End PBXFrameworksBuildPhase section */

/* Begin PBXGroup section */
		1AFFFF94294A1234001ABCDE = {
			isa = PBXGroup;
			children = (
				1AFFFF9F294A1234001ABCDE /* OTeePee */,
				1A00002E294A1236001ABCDE /* OTeePeeTests */,
				1AFFFF9E294A1234001ABCDE /* Products */,
			);
			sourceTree = "<group>";
		};
		1AFFFF9E294A1234001ABCDE /* Products */ = {
			isa = PBXGroup;
			children = (
				1AFFFF9D294A1234001ABCDE /* OTeePee.app */,
				1A00002B294A1236001ABCDE /* OTeePeeTests.xctest */,
			);
			name = Products;
			sourceTree = "<group>";
		};
		1AFFFF9F294A1234001ABCDE /* OTeePee */ = {
			isa = PBXGroup;
			children = (
				1A000050294A1235001ABCDE /* App */,
				1A000051294A1235001ABCDE /* Services */,
				1A000052294A1235001ABCDE /* Utils */,
				1A000053294A1235001ABCDE /* Views */,
				1A000054294A1235001ABCDE /* Resources */,
				1A000006294A1234001ABCDE /* Preview Content */,
			);
			path = OTeePee;
			sourceTree = "<group>";
		};
		1A000006294A1234001ABCDE /* Preview Content */ = {
			isa = PBXGroup;
			children = (
				1A000007294A1234001ABCDE /* Preview Assets.xcassets */,
			);
			path = "Preview Content";
			sourceTree = "<group>";
		};
		1A000050294A1235001ABCDE /* App */ = {
			isa = PBXGroup;
			children = (
				1A000000294A1234001ABCDE /* OTeePeeApp.swift */,
				1A00001F294A1235001ABCDE /* AppDelegate.swift */,
			);
			path = App;
			sourceTree = "<group>";
		};
		1A000051294A1235001ABCDE /* Services */ = {
			isa = PBXGroup;
			children = (
				1A00000F294A1235001ABCDE /* MessageMonitor.swift */,
				1A000011294A1235001ABCDE /* OTPParser.swift */,
				1A000013294A1235001ABCDE /* ClipboardManager.swift */,
				1A000015294A1235001ABCDE /* NotificationManager.swift */,
			);
			path = Services;
			sourceTree = "<group>";
		};
		1A000052294A1235001ABCDE /* Utils */ = {
			isa = PBXGroup;
			children = (
				1A00001B294A1235001ABCDE /* FilePermissions.swift */,
				1A00001D294A1235001ABCDE /* Extensions.swift */,
				1A000021294A1235001ABCDE /* WindowManager.swift */,
			);
			path = Utils;
			sourceTree = "<group>";
		};
		1A000053294A1235001ABCDE /* Views */ = {
			isa = PBXGroup;
			children = (
				1A000002294A1234001ABCDE /* ContentView.swift */,
				1A000017294A1235001ABCDE /* MenuBarView.swift */,
				1A000019294A1235001ABCDE /* PermissionsView.swift */,
				1A000041294A1235001ABCDE /* OnboardingView.swift */,
			);
			path = Views;
			sourceTree = "<group>";
		};
		1A000054294A1235001ABCDE /* Resources */ = {
			isa = PBXGroup;
			children = (
				1A000004294A1234001ABCDE /* Assets.xcassets */,
				1A000009294A1234001ABCDE /* OTeePee.entitlements */,
				1A000042294A1235001ABCDE /* Info.plist */,
			);
			path = Resources;
			sourceTree = "<group>";
		};
		1A00002E294A1236001ABCDE /* OTeePeeTests */ = {
			isa = PBXGroup;
			children = (
				1A00002F294A1236001ABCDE /* OTeePeeTests.swift */,
			);
			path = OTeePeeTests;
			sourceTree = "<group>";
		};
/* End PBXGroup section */

/* Begin PBXNativeTarget section */
		1AFFFF9C294A1234001ABCDE /* OTeePee */ = {
			isa = PBXNativeTarget;
			buildConfigurationList = 1A000033294A1236001ABCDE /* Build configuration list for PBXNativeTarget "OTeePee" */;
			buildPhases = (
				1AFFFF99294A1234001ABCDE /* Sources */,
				1AFFFF9A294A1234001ABCDE /* Frameworks */,
				1AFFFF9B294A1234001ABCDE /* Resources */,
			);
			buildRules = (
			);
			dependencies = (
			);
			name = OTeePee;
			productName = OTeePee;
			productReference = 1AFFFF9D294A1234001ABCDE /* OTeePee.app */;
			productType = "com.apple.product-type.application";
		};
		1A00002A294A1236001ABCDE /* OTeePeeTests */ = {
			isa = PBXNativeTarget;
			buildConfigurationList = 1A000036294A1236001ABCDE /* Build configuration list for PBXNativeTarget "OTeePeeTests" */;
			buildPhases = (
				1A000027294A1236001ABCDE /* Sources */,
				1A000028294A1236001ABCDE /* Frameworks */,
				1A000029294A1236001ABCDE /* Resources */,
			);
			buildRules = (
			);
			dependencies = (
				1A00002D294A1236001ABCDE /* PBXTargetDependency */,
			);
			name = OTeePeeTests;
			productName = OTeePeeTests;
			productReference = 1A00002B294A1236001ABCDE /* OTeePeeTests.xctest */;
			productType = "com.apple.product-type.bundle.unit-test";
		};
/* End PBXNativeTarget section */

/* Begin PBXProject section */
		1AFFFF95294A1234001ABCDE /* Project object */ = {
			isa = PBXProject;
			attributes = {
				BuildIndependentTargetsInParallel = 1;
				LastSwiftUpdateCheck = 1500;
				LastUpgradeCheck = 1500;
				TargetAttributes = {
					1AFFFF9C294A1234001ABCDE = {
						CreatedOnToolsVersion = 15.0;
					};
					1A00002A294A1236001ABCDE = {
						CreatedOnToolsVersion = 15.0;
						TestTargetID = 1AFFFF9C294A1234001ABCDE;
					};
				};
			};
			buildConfigurationList = 1AFFFF98294A1234001ABCDE /* Build configuration list for PBXProject "OTeePee" */;
			compatibilityVersion = "Xcode 14.0";
			developmentRegion = en;
			hasScannedForEncodings = 0;
			knownRegions = (
				en,
				Base,
			);
			mainGroup = 1AFFFF94294A1234001ABCDE;
			productRefGroup = 1AFFFF9E294A1234001ABCDE /* Products */;
			projectDirPath = "";
			projectRoot = "";
			targets = (
				1AFFFF9C294A1234001ABCDE /* OTeePee */,
				1A00002A294A1236001ABCDE /* OTeePeeTests */,
			);
		};
/* End PBXProject section */

/* Begin PBXResourcesBuildPhase section */
		1AFFFF9B294A1234001ABCDE /* Resources */ = {
			isa = PBXResourcesBuildPhase;
			buildActionMask = 2147483647;
			files = (
				1A000008294A1234001ABCDE /* Preview Assets.xcassets in Resources */,
				1A000005294A1234001ABCDE /* Assets.xcassets in Resources */,
			);
			runOnlyForDeploymentPostprocessing = 0;
		};
		1A000029294A1236001ABCDE /* Resources */ = {
			isa = PBXResourcesBuildPhase;
			buildActionMask = 2147483647;
			files = (
			);
			runOnlyForDeploymentPostprocessing = 0;
		};
/* End PBXResourcesBuildPhase section */

/* Begin PBXSourcesBuildPhase section */
		1AFFFF99294A1234001ABCDE /* Sources */ = {
			isa = PBXSourcesBuildPhase;
			buildActionMask = 2147483647;
			files = (
				1A000003294A1234001ABCDE /* ContentView.swift in Sources */,
				1A000001294A1234001ABCDE /* OTeePeeApp.swift in Sources */,
				1A000010294A1235001ABCDE /* MessageMonitor.swift in Sources */,
				1A000012294A1235001ABCDE /* OTPParser.swift in Sources */,
				1A000014294A1235001ABCDE /* ClipboardManager.swift in Sources */,
				1A000016294A1235001ABCDE /* NotificationManager.swift in Sources */,
				1A000018294A1235001ABCDE /* MenuBarView.swift in Sources */,
				1A00001A294A1235001ABCDE /* PermissionsView.swift in Sources */,
				1A00001C294A1235001ABCDE /* FilePermissions.swift in Sources */,
				1A00001E294A1235001ABCDE /* Extensions.swift in Sources */,
				1A000020294A1235001ABCDE /* AppDelegate.swift in Sources */,
				1A000022294A1235001ABCDE /* WindowManager.swift in Sources */,
				1A000040294A1235001ABCDE /* OnboardingView.swift in Sources */,
			);
			runOnlyForDeploymentPostprocessing = 0;
		};
		1A000027294A1236001ABCDE /* Sources */ = {
			isa = PBXSourcesBuildPhase;
			buildActionMask = 2147483647;
			files = (
				1A000030294A1236001ABCDE /* OTeePeeTests.swift in Sources */,
			);
			runOnlyForDeploymentPostprocessing = 0;
		};
/* End PBXSourcesBuildPhase section */

/* Begin PBXTargetDependency section */
		1A00002D294A1236001ABCDE /* PBXTargetDependency */ = {
			isa = PBXTargetDependency;
			target = 1AFFFF9C294A1234001ABCDE /* OTeePee */;
			targetProxy = 1A00002C294A1236001ABCDE /* PBXContainerItemProxy */;
		};
/* End PBXTargetDependency section */

/* Begin XCBuildConfiguration section */
		1A000031294A1236001ABCDE /* Debug */ = {
			isa = XCBuildConfiguration;
			buildSettings = {
				ALWAYS_SEARCH_USER_PATHS = NO;
				ASSETCATALOG_COMPILER_GENERATE_SWIFT_ASSET_SYMBOL_EXTENSIONS = YES;
				CLANG_ANALYZER_NONNULL = YES;
				CLANG_ANALYZER_NUMBER_OBJECT_CONVERSION = YES_AGGRESSIVE;
				CLANG_CXX_LANGUAGE_STANDARD = "gnu++20";
				CLANG_ENABLE_MODULES = YES;
				CLANG_ENABLE_OBJC_ARC = YES;
				CLANG_ENABLE_OBJC_WEAK = YES;
				CLANG_WARN_BLOCK_CAPTURE_AUTORELEASING = YES;
				CLANG_WARN_BOOL_CONVERSION = YES;
				CLANG_WARN_COMMA = YES;
				CLANG_WARN_CONSTANT_CONVERSION = YES;
				CLANG_WARN_DEPRECATED_OBJC_IMPLEMENTATIONS = YES;
				CLANG_WARN_DIRECT_OBJC_ISA_USAGE = YES_ERROR;
				CLANG_WARN_DOCUMENTATION_COMMENTS = YES;
				CLANG_WARN_EMPTY_BODY = YES;
				CLANG_WARN_ENUM_CONVERSION = YES;
				CLANG_WARN_INFINITE_RECURSION = YES;
				CLANG_WARN_INT_CONVERSION = YES;
				CLANG_WARN_NON_LITERAL_NULL_CONVERSION = YES;
				CLANG_WARN_OBJC_IMPLICIT_RETAIN_SELF = YES;
				CLANG_WARN_OBJC_LITERAL_CONVERSION = YES;
				CLANG_WARN_OBJC_ROOT_CLASS = YES_ERROR;
				CLANG_WARN_QUOTED_INCLUDE_IN_FRAMEWORK_HEADER = YES;
				CLANG_WARN_RANGE_LOOP_ANALYSIS = YES;
				CLANG_WARN_STRICT_PROTOTYPES = YES;
				CLANG_WARN_SUSPICIOUS_MOVE = YES;
				CLANG_WARN_UNGUARDED_AVAILABILITY = YES_AGGRESSIVE;
				CLANG_WARN_UNREACHABLE_CODE = YES;
				CLANG_WARN__DUPLICATE_METHOD_MATCH = YES;
				COPY_PHASE_STRIP = NO;
				DEBUG_INFORMATION_FORMAT = dwarf;
				ENABLE_STRICT_OBJC_MSGSEND = YES;
				ENABLE_TESTABILITY = YES;
				ENABLE_USER_SCRIPT_SANDBOXING = YES;
				GCC_C_LANGUAGE_STANDARD = gnu17;
				GCC_DYNAMIC_NO_PIC = NO;
				GCC_NO_COMMON_BLOCKS = YES;
				GCC_OPTIMIZATION_LEVEL = 0;
				GCC_PREPROCESSOR_DEFINITIONS = (
					"DEBUG=1",
					"$(inherited)",
				);
				GCC_WARN_64_TO_32_BIT_CONVERSION = YES;
				GCC_WARN_ABOUT_RETURN_TYPE = YES_ERROR;
				GCC_WARN_UNDECLARED_SELECTOR = YES;
				GCC_WARN_UNINITIALIZED_AUTOS = YES_AGGRESSIVE;
				GCC_WARN_UNUSED_FUNCTION = YES;
				GCC_WARN_UNUSED_VARIABLE = YES;
				LOCALIZATION_PREFERS_STRING_CATALOGS = YES;
				MACOSX_DEPLOYMENT_TARGET = 15.0;
				MTL_ENABLE_DEBUG_INFO = INCLUDE_SOURCE;
				MTL_FAST_MATH = YES;
				ONLY_ACTIVE_ARCH = YES;
				SDKROOT = macosx;
				SWIFT_ACTIVE_COMPILATION_CONDITIONS = "DEBUG $(inherited)";
				SWIFT_OPTIMIZATION_LEVEL = "-Onone";
			};
			name = Debug;
		};
		1A000032294A1236001ABCDE /* Release */ = {
			isa = XCBuildConfiguration;
			buildSettings = {
				ALWAYS_SEARCH_USER_PATHS = NO;
				ASSETCATALOG_COMPILER_GENERATE_SWIFT_ASSET_SYMBOL_EXTENSIONS = YES;
				CLANG_ANALYZER_NONNULL = YES;
				CLANG_ANALYZER_NUMBER_OBJECT_CONVERSION = YES_AGGRESSIVE;
				CLANG_CXX_LANGUAGE_STANDARD = "gnu++20";
				CLANG_ENABLE_MODULES = YES;
				CLANG_ENABLE_OBJC_ARC = YES;
				CLANG_ENABLE_OBJC_WEAK = YES;
				CLANG_WARN_BLOCK_CAPTURE_AUTORELEASING = YES;
				CLANG_WARN_BOOL_CONVERSION = YES;
				CLANG_WARN_COMMA = YES;
				CLANG_WARN_CONSTANT_CONVERSION = YES;
				CLANG_WARN_DEPRECATED_OBJC_IMPLEMENTATIONS = YES;
				CLANG_WARN_DIRECT_OBJC_ISA_USAGE = YES_ERROR;
				CLANG_WARN_DOCUMENTATION_COMMENTS = YES;
				CLANG_WARN_EMPTY_BODY = YES;
				CLANG_WARN_ENUM_CONVERSION = YES;
				CLANG_WARN_INFINITE_RECURSION = YES;
				CLANG_WARN_INT_CONVERSION = YES;
				CLANG_WARN_NON_LITERAL_NULL_CONVERSION = YES;
				CLANG_WARN_OBJC_IMPLICIT_RETAIN_SELF = YES;
				CLANG_WARN_OBJC_LITERAL_CONVERSION = YES;
				CLANG_WARN_OBJC_ROOT_CLASS = YES_ERROR;
				CLANG_WARN_QUOTED_INCLUDE_IN_FRAMEWORK_HEADER = YES;
				CLANG_WARN_RANGE_LOOP_ANALYSIS = YES;
				CLANG_WARN_STRICT_PROTOTYPES = YES;
				CLANG_WARN_SUSPICIOUS_MOVE = YES;
				CLANG_WARN_UNGUARDED_AVAILABILITY = YES_AGGRESSIVE;
				CLANG_WARN_UNREACHABLE_CODE = YES;
				CLANG_WARN__DUPLICATE_METHOD_MATCH = YES;
				COPY_PHASE_STRIP = NO;
				DEBUG_INFORMATION_FORMAT = "dwarf-with-dsym";
				ENABLE_NS_ASSERTIONS = NO;
				ENABLE_STRICT_OBJC_MSGSEND = YES;
				ENABLE_USER_SCRIPT_SANDBOXING = YES;
				GCC_C_LANGUAGE_STANDARD = gnu17;
				GCC_NO_COMMON_BLOCKS = YES;
				GCC_WARN_64_TO_32_BIT_CONVERSION = YES;
				GCC_WARN_ABOUT_RETURN_TYPE = YES_ERROR;
				GCC_WARN_UNDECLARED_SELECTOR = YES;
				GCC_WARN_UNINITIALIZED_AUTOS = YES_AGGRESSIVE;
				GCC_WARN_UNUSED_FUNCTION = YES;
				GCC_WARN_UNUSED_VARIABLE = YES;
				LOCALIZATION_PREFERS_STRING_CATALOGS = YES;
				MACOSX_DEPLOYMENT_TARGET = 15.0;
				MTL_ENABLE_DEBUG_INFO = NO;
				MTL_FAST_MATH = YES;
				SDKROOT = macosx;
				SWIFT_COMPILATION_MODE = wholemodule;
			};
			name = Release;
		};
		1A000034294A1236001ABCDE /* Debug */ = {
			isa = XCBuildConfiguration;
			buildSettings = {
				ASSETCATALOG_COMPILER_APPICON_NAME = AppIcon;
				ASSETCATALOG_COMPILER_GLOBAL_ACCENT_COLOR_NAME = AccentColor;
				CODE_SIGN_ENTITLEMENTS = OTeePee/Resources/OTeePee.entitlements;
				CODE_SIGN_IDENTITY = "-";
				CODE_SIGN_STYLE = Manual;
				COMBINE_HIDPI_IMAGES = YES;
				CURRENT_PROJECT_VERSION = 1;
				DEVELOPMENT_ASSET_PATHS = "\"OTeePee/Preview Content\"";
				DEVELOPMENT_TEAM = "";
				ENABLE_HARDENED_RUNTIME = YES;
				ENABLE_PREVIEWS = YES;
				GENERATE_INFOPLIST_FILE = NO;
				INFOPLIST_FILE = OTeePee/Resources/Info.plist;
				INFOPLIST_KEY_CFBundleDisplayName = OTeePee;
				INFOPLIST_KEY_LSApplicationCategoryType = "public.app-category.utilities";
				INFOPLIST_KEY_LSUIElement = YES;
				INFOPLIST_KEY_NSHumanReadableCopyright = "";
				LD_RUNPATH_SEARCH_PATHS = (
					"$(inherited)",
					"@executable_path/../Frameworks",
				);
				MARKETING_VERSION = 1.0;
				PRODUCT_BUNDLE_IDENTIFIER = com.yourcompany.oteepee;
				PRODUCT_NAME = "$(TARGET_NAME)";
				SWIFT_EMIT_LOC_STRINGS = YES;
				SWIFT_VERSION = 5.0;
			};
			name = Debug;
		};
		1A000035294A1236001ABCDE /* Release */ = {
			isa = XCBuildConfiguration;
			buildSettings = {
				ASSETCATALOG_COMPILER_APPICON_NAME = AppIcon;
				ASSETCATALOG_COMPILER_GLOBAL_ACCENT_COLOR_NAME = AccentColor;
				CODE_SIGN_ENTITLEMENTS = OTeePee/Resources/OTeePee.entitlements;
				CODE_SIGN_IDENTITY = "-";
				CODE_SIGN_STYLE = Manual;
				COMBINE_HIDPI_IMAGES = YES;
				CURRENT_PROJECT_VERSION = 1;
				DEVELOPMENT_ASSET_PATHS = "\"OTeePee/Preview Content\"";
				DEVELOPMENT_TEAM = "";
				ENABLE_HARDENED_RUNTIME = YES;
				ENABLE_PREVIEWS = YES;
				GENERATE_INFOPLIST_FILE = NO;
				INFOPLIST_FILE = OTeePee/Resources/Info.plist;
				INFOPLIST_KEY_CFBundleDisplayName = OTeePee;
				INFOPLIST_KEY_LSApplicationCategoryType = "public.app-category.utilities";
				INFOPLIST_KEY_LSUIElement = YES;
				INFOPLIST_KEY_NSHumanReadableCopyright = "";
				LD_RUNPATH_SEARCH_PATHS = (
					"$(inherited)",
					"@executable_path/../Frameworks",
				);
				MARKETING_VERSION = 1.0;
				PRODUCT_BUNDLE_IDENTIFIER = com.yourcompany.oteepee;
				PRODUCT_NAME = "$(TARGET_NAME)";
				SWIFT_EMIT_LOC_STRINGS = YES;
				SWIFT_VERSION = 5.0;
			};
			name = Release;
		};
		1A000037294A1236001ABCDE /* Debug */ = {
			isa = XCBuildConfiguration;
			buildSettings = {
				BUNDLE_LOADER = "$(TEST_HOST)";
				CODE_SIGN_STYLE = Automatic;
				CURRENT_PROJECT_VERSION = 1;
				DEVELOPMENT_TEAM = "";
				GENERATE_INFOPLIST_FILE = YES;
				MACOSX_DEPLOYMENT_TARGET = 15.0;
				MARKETING_VERSION = 1.0;
				PRODUCT_BUNDLE_IDENTIFIER = com.yourcompany.oteepeetests;
				PRODUCT_NAME = "$(TARGET_NAME)";
				SWIFT_EMIT_LOC_STRINGS = NO;
				SWIFT_VERSION = 5.0;
				TEST_HOST = "$(BUILT_PRODUCTS_DIR)/OTeePee.app/$(BUNDLE_EXECUTABLE_FOLDER_PATH)/OTeePee";
			};
			name = Debug;
		};
		1A000038294A1236001ABCDE /* Release */ = {
			isa = XCBuildConfiguration;
			buildSettings = {
				BUNDLE_LOADER = "$(TEST_HOST)";
				CODE_SIGN_STYLE = Automatic;
				CURRENT_PROJECT_VERSION = 1;
				DEVELOPMENT_TEAM = "";
				GENERATE_INFOPLIST_FILE = YES;
				MACOSX_DEPLOYMENT_TARGET = 15.0;
				MARKETING_VERSION = 1.0;
				PRODUCT_BUNDLE_IDENTIFIER = com.yourcompany.oteepeetests;
				PRODUCT_NAME = "$(TARGET_NAME)";
				SWIFT_EMIT_LOC_STRINGS = NO;
				SWIFT_VERSION = 5.0;
				TEST_HOST = "$(BUILT_PRODUCTS_DIR)/OTeePee.app/$(BUNDLE_EXECUTABLE_FOLDER_PATH)/OTeePee";
			};
			name = Release;
		};
/* End XCBuildConfiguration section */

/* Begin XCConfigurationList section */
		1AFFFF98294A1234001ABCDE /* Build configuration list for PBXProject "OTeePee" */ = {
			isa = XCConfigurationList;
			buildConfigurations = (
				1A000031294A1236001ABCDE /* Debug */,
				1A000032294A1236001ABCDE /* Release */,
			);
			defaultConfigurationIsVisible = 0;
			defaultConfigurationName = Release;
		};
		1A000033294A1236001ABCDE /* Build configuration list for PBXNativeTarget "OTeePee" */ = {
			isa = XCConfigurationList;
			buildConfigurations = (
				1A000034294A1236001ABCDE /* Debug */,
				1A000035294A1236001ABCDE /* Release */,
			);
			defaultConfigurationIsVisible = 0;
			defaultConfigurationName = Release;
		};
		1A000036294A1236001ABCDE /* Build configuration list for PBXNativeTarget "OTeePeeTests" */ = {
			isa = XCConfigurationList;
			buildConfigurations = (
				1A000037294A1236001ABCDE /* Debug */,
				1A000038294A1236001ABCDE /* Release */,
			);
			defaultConfigurationIsVisible = 0;
			defaultConfigurationName = Release;
		};
/* End XCConfigurationList section */
	};
	rootObject = 1AFFFF95294A1234001ABCDE /* Project object */;
} 